// !$*UTF8*$!
{
	archiveVersion = 1;
	classes = {
	};
	objectVersion = 51;
	objects = {

/* Begin PBXBuildFile section */
		2302672E24BA1BEA00753404 /* GoogleService-Info.plist in Resources */ = {isa = PBXBuildFile; fileRef = 2302672D24BA1BEA00753404 /* GoogleService-Info.plist */; };
		2305C5B524D65B6E005BD73C /* Const.swift in Sources */ = {isa = PBXBuildFile; fileRef = 2305C5B424D65B6E005BD73C /* Const.swift */; };
		23106C8D24D6694E00ADA44A /* PostData.swift in Sources */ = {isa = PBXBuildFile; fileRef = 23106C8C24D6694E00ADA44A /* PostData.swift */; };
		23106C9024D66C6700ADA44A /* PostTableViewCell.swift in Sources */ = {isa = PBXBuildFile; fileRef = 23106C8E24D66C6700ADA44A /* PostTableViewCell.swift */; };
		23106C9124D66C6700ADA44A /* PostTableViewCell.xib in Resources */ = {isa = PBXBuildFile; fileRef = 23106C8F24D66C6700ADA44A /* PostTableViewCell.xib */; };
		2329731124B9F6C1005E5EA7 /* AppDelegate.swift in Sources */ = {isa = PBXBuildFile; fileRef = 2329731024B9F6C1005E5EA7 /* AppDelegate.swift */; };
		2329731324B9F6C1005E5EA7 /* SceneDelegate.swift in Sources */ = {isa = PBXBuildFile; fileRef = 2329731224B9F6C1005E5EA7 /* SceneDelegate.swift */; };
		2329731824B9F6C1005E5EA7 /* Main.storyboard in Resources */ = {isa = PBXBuildFile; fileRef = 2329731624B9F6C1005E5EA7 /* Main.storyboard */; };
		2329731A24B9F6C3005E5EA7 /* Assets.xcassets in Resources */ = {isa = PBXBuildFile; fileRef = 2329731924B9F6C3005E5EA7 /* Assets.xcassets */; };
		2329731D24B9F6C3005E5EA7 /* LaunchScreen.storyboard in Resources */ = {isa = PBXBuildFile; fileRef = 2329731B24B9F6C3005E5EA7 /* LaunchScreen.storyboard */; };
		2329733224B9FA84005E5EA7 /* LoginViewController.swift in Sources */ = {isa = PBXBuildFile; fileRef = 2329733124B9FA84005E5EA7 /* LoginViewController.swift */; };
		2329733424B9FA93005E5EA7 /* HomeViewController.swift in Sources */ = {isa = PBXBuildFile; fileRef = 2329733324B9FA93005E5EA7 /* HomeViewController.swift */; };
		2329733624B9FAB0005E5EA7 /* ImageSelectViewController.swift in Sources */ = {isa = PBXBuildFile; fileRef = 2329733524B9FAB0005E5EA7 /* ImageSelectViewController.swift */; };
		2329733824B9FAC7005E5EA7 /* PostViewController.swift in Sources */ = {isa = PBXBuildFile; fileRef = 2329733724B9FAC7005E5EA7 /* PostViewController.swift */; };
		2329733A24B9FAD6005E5EA7 /* SettingViewController.swift in Sources */ = {isa = PBXBuildFile; fileRef = 2329733924B9FAD6005E5EA7 /* SettingViewController.swift */; };
		2329733C24B9FF44005E5EA7 /* TabBarController.swift in Sources */ = {isa = PBXBuildFile; fileRef = 2329733B24B9FF44005E5EA7 /* TabBarController.swift */; };
		239F77DC24D6C0F5006F2A71 /* CommentViewController.swift in Sources */ = {isa = PBXBuildFile; fileRef = 239F77DB24D6C0F5006F2A71 /* CommentViewController.swift */; };
		6002A88480F7144BCE1B6255 /* Pods_instagram2.framework in Frameworks */ = {isa = PBXBuildFile; fileRef = 3655DF55352A34C969E0EF6B /* Pods_instagram2.framework */; };
/* End PBXBuildFile section */

/* Begin PBXFileReference section */
		2302672D24BA1BEA00753404 /* GoogleService-Info.plist */ = {isa = PBXFileReference; fileEncoding = 4; lastKnownFileType = text.plist.xml; path = "GoogleService-Info.plist"; sourceTree = "<group>"; };
		2305C5B424D65B6E005BD73C /* Const.swift */ = {isa = PBXFileReference; lastKnownFileType = sourcecode.swift; path = Const.swift; sourceTree = "<group>"; };
		23106C8C24D6694E00ADA44A /* PostData.swift */ = {isa = PBXFileReference; lastKnownFileType = sourcecode.swift; path = PostData.swift; sourceTree = "<group>"; };
		23106C8E24D66C6700ADA44A /* PostTableViewCell.swift */ = {isa = PBXFileReference; lastKnownFileType = sourcecode.swift; path = PostTableViewCell.swift; sourceTree = "<group>"; };
		23106C8F24D66C6700ADA44A /* PostTableViewCell.xib */ = {isa = PBXFileReference; lastKnownFileType = file.xib; path = PostTableViewCell.xib; sourceTree = "<group>"; };
		2329730D24B9F6C1005E5EA7 /* instagram2.app */ = {isa = PBXFileReference; explicitFileType = wrapper.application; includeInIndex = 0; path = instagram2.app; sourceTree = BUILT_PRODUCTS_DIR; };
		2329731024B9F6C1005E5EA7 /* AppDelegate.swift */ = {isa = PBXFileReference; lastKnownFileType = sourcecode.swift; path = AppDelegate.swift; sourceTree = "<group>"; };
		2329731224B9F6C1005E5EA7 /* SceneDelegate.swift */ = {isa = PBXFileReference; lastKnownFileType = sourcecode.swift; path = SceneDelegate.swift; sourceTree = "<group>"; };
		2329731724B9F6C1005E5EA7 /* Base */ = {isa = PBXFileReference; lastKnownFileType = file.storyboard; name = Base; path = Base.lproj/Main.storyboard; sourceTree = "<group>"; };
		2329731924B9F6C3005E5EA7 /* Assets.xcassets */ = {isa = PBXFileReference; lastKnownFileType = folder.assetcatalog; path = Assets.xcassets; sourceTree = "<group>"; };
		2329731C24B9F6C3005E5EA7 /* Base */ = {isa = PBXFileReference; lastKnownFileType = file.storyboard; name = Base; path = Base.lproj/LaunchScreen.storyboard; sourceTree = "<group>"; };
		2329731E24B9F6C3005E5EA7 /* Info.plist */ = {isa = PBXFileReference; lastKnownFileType = text.plist.xml; path = Info.plist; sourceTree = "<group>"; };
		2329733124B9FA84005E5EA7 /* LoginViewController.swift */ = {isa = PBXFileReference; lastKnownFileType = sourcecode.swift; path = LoginViewController.swift; sourceTree = "<group>"; };
		2329733324B9FA93005E5EA7 /* HomeViewController.swift */ = {isa = PBXFileReference; lastKnownFileType = sourcecode.swift; path = HomeViewController.swift; sourceTree = "<group>"; };
		2329733524B9FAB0005E5EA7 /* ImageSelectViewController.swift */ = {isa = PBXFileReference; lastKnownFileType = sourcecode.swift; path = ImageSelectViewController.swift; sourceTree = "<group>"; };
		2329733724B9FAC7005E5EA7 /* PostViewController.swift */ = {isa = PBXFileReference; lastKnownFileType = sourcecode.swift; path = PostViewController.swift; sourceTree = "<group>"; };
		2329733924B9FAD6005E5EA7 /* SettingViewController.swift */ = {isa = PBXFileReference; lastKnownFileType = sourcecode.swift; path = SettingViewController.swift; sourceTree = "<group>"; };
		2329733B24B9FF44005E5EA7 /* TabBarController.swift */ = {isa = PBXFileReference; lastKnownFileType = sourcecode.swift; path = TabBarController.swift; sourceTree = "<group>"; };
		239F77DB24D6C0F5006F2A71 /* CommentViewController.swift */ = {isa = PBXFileReference; lastKnownFileType = sourcecode.swift; path = CommentViewController.swift; sourceTree = "<group>"; };
		3655DF55352A34C969E0EF6B /* Pods_instagram2.framework */ = {isa = PBXFileReference; explicitFileType = wrapper.framework; includeInIndex = 0; path = Pods_instagram2.framework; sourceTree = BUILT_PRODUCTS_DIR; };
		75BA36A469A72D0DC65869E7 /* Pods-instagram2.debug.xcconfig */ = {isa = PBXFileReference; includeInIndex = 1; lastKnownFileType = text.xcconfig; name = "Pods-instagram2.debug.xcconfig"; path = "Target Support Files/Pods-instagram2/Pods-instagram2.debug.xcconfig"; sourceTree = "<group>"; };
		F31C690A6DADB53372293F74 /* Pods-instagram2.release.xcconfig */ = {isa = PBXFileReference; includeInIndex = 1; lastKnownFileType = text.xcconfig; name = "Pods-instagram2.release.xcconfig"; path = "Target Support Files/Pods-instagram2/Pods-instagram2.release.xcconfig"; sourceTree = "<group>"; };
/* End PBXFileReference section */

/* Begin PBXFrameworksBuildPhase section */
		2329730A24B9F6C1005E5EA7 /* Frameworks */ = {
			isa = PBXFrameworksBuildPhase;
			buildActionMask = 2147483647;
			files = (
				6002A88480F7144BCE1B6255 /* Pods_instagram2.framework in Frameworks */,
			);
			runOnlyForDeploymentPostprocessing = 0;
		};
/* End PBXFrameworksBuildPhase section */

/* Begin PBXGroup section */
		2329730424B9F6C1005E5EA7 = {
			isa = PBXGroup;
			children = (
				2329730F24B9F6C1005E5EA7 /* instagram2 */,
				2329730E24B9F6C1005E5EA7 /* Products */,
				52FFDD54EE24926930E8DA12 /* Pods */,
				6B2568A46AB78D8AEA50E6FE /* Frameworks */,
			);
			sourceTree = "<group>";
		};
		2329730E24B9F6C1005E5EA7 /* Products */ = {
			isa = PBXGroup;
			children = (
				2329730D24B9F6C1005E5EA7 /* instagram2.app */,
			);
			name = Products;
			sourceTree = "<group>";
		};
		2329730F24B9F6C1005E5EA7 /* instagram2 */ = {
			isa = PBXGroup;
			children = (
				2302672D24BA1BEA00753404 /* GoogleService-Info.plist */,
				2329731024B9F6C1005E5EA7 /* AppDelegate.swift */,
				2329731224B9F6C1005E5EA7 /* SceneDelegate.swift */,
				2329731624B9F6C1005E5EA7 /* Main.storyboard */,
				2329731924B9F6C3005E5EA7 /* Assets.xcassets */,
				2329731B24B9F6C3005E5EA7 /* LaunchScreen.storyboard */,
				2329731E24B9F6C3005E5EA7 /* Info.plist */,
				2329733124B9FA84005E5EA7 /* LoginViewController.swift */,
				2329733324B9FA93005E5EA7 /* HomeViewController.swift */,
				2329733524B9FAB0005E5EA7 /* ImageSelectViewController.swift */,
				2329733724B9FAC7005E5EA7 /* PostViewController.swift */,
				2329733924B9FAD6005E5EA7 /* SettingViewController.swift */,
				2329733B24B9FF44005E5EA7 /* TabBarController.swift */,
				2305C5B424D65B6E005BD73C /* Const.swift */,
				23106C8C24D6694E00ADA44A /* PostData.swift */,
				23106C8E24D66C6700ADA44A /* PostTableViewCell.swift */,
				23106C8F24D66C6700ADA44A /* PostTableViewCell.xib */,
				239F77DB24D6C0F5006F2A71 /* CommentViewController.swift */,
			);
			path = instagram2;
			sourceTree = "<group>";
		};
		52FFDD54EE24926930E8DA12 /* Pods */ = {
			isa = PBXGroup;
			children = (
				75BA36A469A72D0DC65869E7 /* Pods-instagram2.debug.xcconfig */,
				F31C690A6DADB53372293F74 /* Pods-instagram2.release.xcconfig */,
			);
			path = Pods;
			sourceTree = "<group>";
		};
		6B2568A46AB78D8AEA50E6FE /* Frameworks */ = {
			isa = PBXGroup;
			children = (
				3655DF55352A34C969E0EF6B /* Pods_instagram2.framework */,
			);
			name = Frameworks;
			sourceTree = "<group>";
		};
/* End PBXGroup section */

/* Begin PBXNativeTarget section */
		2329730C24B9F6C1005E5EA7 /* instagram2 */ = {
			isa = PBXNativeTarget;
			buildConfigurationList = 2329732124B9F6C3005E5EA7 /* Build configuration list for PBXNativeTarget "instagram2" */;
			buildPhases = (
				4B46A44A185F0A783D2650D3 /* [CP] Check Pods Manifest.lock */,
				2329730924B9F6C1005E5EA7 /* Sources */,
				2329730A24B9F6C1005E5EA7 /* Frameworks */,
				2329730B24B9F6C1005E5EA7 /* Resources */,
				B83DEF81FB9585F1A10F6CDE /* [CP] Embed Pods Frameworks */,
			);
			buildRules = (
			);
			dependencies = (
			);
			name = instagram2;
			productName = instagram2;
			productReference = 2329730D24B9F6C1005E5EA7 /* instagram2.app */;
			productType = "com.apple.product-type.application";
		};
/* End PBXNativeTarget section */

/* Begin PBXProject section */
		2329730524B9F6C1005E5EA7 /* Project object */ = {
			isa = PBXProject;
			attributes = {
				LastSwiftUpdateCheck = 1150;
				LastUpgradeCheck = 1150;
				ORGANIZATIONNAME = KM;
				TargetAttributes = {
					2329730C24B9F6C1005E5EA7 = {
						CreatedOnToolsVersion = 11.5;
					};
				};
			};
			buildConfigurationList = 2329730824B9F6C1005E5EA7 /* Build configuration list for PBXProject "instagram2" */;
			compatibilityVersion = "Xcode 9.3";
			developmentRegion = en;
			hasScannedForEncodings = 0;
			knownRegions = (
				en,
				Base,
			);
			mainGroup = 2329730424B9F6C1005E5EA7;
			productRefGroup = 2329730E24B9F6C1005E5EA7 /* Products */;
			projectDirPath = "";
			projectRoot = "";
			targets = (
				2329730C24B9F6C1005E5EA7 /* instagram2 */,
			);
		};
/* End PBXProject section */

/* Begin PBXResourcesBuildPhase section */
		2329730B24B9F6C1005E5EA7 /* Resources */ = {
			isa = PBXResourcesBuildPhase;
			buildActionMask = 2147483647;
			files = (
				2329731D24B9F6C3005E5EA7 /* LaunchScreen.storyboard in Resources */,
				23106C9124D66C6700ADA44A /* PostTableViewCell.xib in Resources */,
				2302672E24BA1BEA00753404 /* GoogleService-Info.plist in Resources */,
				2329731A24B9F6C3005E5EA7 /* Assets.xcassets in Resources */,
				2329731824B9F6C1005E5EA7 /* Main.storyboard in Resources */,
			);
			runOnlyForDeploymentPostprocessing = 0;
		};
/* End PBXResourcesBuildPhase section */

/* Begin PBXShellScriptBuildPhase section */
		4B46A44A185F0A783D2650D3 /* [CP] Check Pods Manifest.lock */ = {
			isa = PBXShellScriptBuildPhase;
			buildActionMask = 2147483647;
			files = (
			);
			inputFileListPaths = (
			);
			inputPaths = (
				"${PODS_PODFILE_DIR_PATH}/Podfile.lock",
				"${PODS_ROOT}/Manifest.lock",
			);
			name = "[CP] Check Pods Manifest.lock";
			outputFileListPaths = (
			);
			outputPaths = (
				"$(DERIVED_FILE_DIR)/Pods-instagram2-checkManifestLockResult.txt",
			);
			runOnlyForDeploymentPostprocessing = 0;
			shellPath = /bin/sh;
			shellScript = "diff \"${PODS_PODFILE_DIR_PATH}/Podfile.lock\" \"${PODS_ROOT}/Manifest.lock\" > /dev/null\nif [ $? != 0 ] ; then\n    # print error to STDERR\n    echo \"error: The sandbox is not in sync with the Podfile.lock. Run 'pod install' or update your CocoaPods installation.\" >&2\n    exit 1\nfi\n# This output is used by Xcode 'outputs' to avoid re-running this script phase.\necho \"SUCCESS\" > \"${SCRIPT_OUTPUT_FILE_0}\"\n";
			showEnvVarsInLog = 0;
		};
		B83DEF81FB9585F1A10F6CDE /* [CP] Embed Pods Frameworks */ = {
			isa = PBXShellScriptBuildPhase;
			buildActionMask = 2147483647;
			files = (
			);
			inputFileListPaths = (
				"${PODS_ROOT}/Target Support Files/Pods-instagram2/Pods-instagram2-frameworks-${CONFIGURATION}-input-files.xcfilelist",
			);
			name = "[CP] Embed Pods Frameworks";
			outputFileListPaths = (
				"${PODS_ROOT}/Target Support Files/Pods-instagram2/Pods-instagram2-frameworks-${CONFIGURATION}-output-files.xcfilelist",
			);
			runOnlyForDeploymentPostprocessing = 0;
			shellPath = /bin/sh;
			shellScript = "\"${PODS_ROOT}/Target Support Files/Pods-instagram2/Pods-instagram2-frameworks.sh\"\n";
			showEnvVarsInLog = 0;
		};
/* End PBXShellScriptBuildPhase section */

/* Begin PBXSourcesBuildPhase section */
		2329730924B9F6C1005E5EA7 /* Sources */ = {
			isa = PBXSourcesBuildPhase;
			buildActionMask = 2147483647;
			files = (
				23106C9024D66C6700ADA44A /* PostTableViewCell.swift in Sources */,
				2329733624B9FAB0005E5EA7 /* ImageSelectViewController.swift in Sources */,
				2329733C24B9FF44005E5EA7 /* TabBarController.swift in Sources */,
				2329733424B9FA93005E5EA7 /* HomeViewController.swift in Sources */,
				2329733824B9FAC7005E5EA7 /* PostViewController.swift in Sources */,
				2329733A24B9FAD6005E5EA7 /* SettingViewController.swift in Sources */,
				23106C8D24D6694E00ADA44A /* PostData.swift in Sources */,
				2329733224B9FA84005E5EA7 /* LoginViewController.swift in Sources */,
				239F77DC24D6C0F5006F2A71 /* CommentViewController.swift in Sources */,
				2329731124B9F6C1005E5EA7 /* AppDelegate.swift in Sources */,
				2329731324B9F6C1005E5EA7 /* SceneDelegate.swift in Sources */,
				2305C5B524D65B6E005BD73C /* Const.swift in Sources */,
			);
			runOnlyForDeploymentPostprocessing = 0;
		};
/* End PBXSourcesBuildPhase section */

/* Begin PBXVariantGroup section */
		2329731624B9F6C1005E5EA7 /* Main.storyboard */ = {
			isa = PBXVariantGroup;
			children = (
				2329731724B9F6C1005E5EA7 /* Base */,
			);
			name = Main.storyboard;
			sourceTree = "<group>";
		};
		2329731B24B9F6C3005E5EA7 /* LaunchScreen.storyboard */ = {
			isa = PBXVariantGroup;
			children = (
				2329731C24B9F6C3005E5EA7 /* Base */,
			);
			name = LaunchScreen.storyboard;
			sourceTree = "<group>";
		};
/* End PBXVariantGroup section */

/* Begin XCBuildConfiguration section */
		2329731F24B9F6C3005E5EA7 /* Debug */ = {
			isa = XCBuildConfiguration;
			buildSettings = {
				ALWAYS_SEARCH_USER_PATHS = NO;
				CLANG_ANALYZER_NONNULL = YES;
				CLANG_ANALYZER_NUMBER_OBJECT_CONVERSION = YES_AGGRESSIVE;
				CLANG_CXX_LANGUAGE_STANDARD = "gnu++14";
				CLANG_CXX_LIBRARY = "libc++";
				CLANG_ENABLE_MODULES = YES;
				CLANG_ENABLE_OBJC_ARC = YES;
				CLANG_ENABLE_OBJC_WEAK = YES;
				CLANG_WARN_BLOCK_CAPTURE_AUTORELEASING = YES;
				CLANG_WARN_BOOL_CONVERSION = YES;
				CLANG_WARN_COMMA = YES;
				CLANG_WARN_CONSTANT_CONVERSION = YES;
				CLANG_WARN_DEPRECATED_OBJC_IMPLEMENTATIONS = YES;
				CLANG_WARN_DIRECT_OBJC_ISA_USAGE = YES_ERROR;
				CLANG_WARN_DOCUMENTATION_COMMENTS = YES;
				CLANG_WARN_EMPTY_BODY = YES;
				CLANG_WARN_ENUM_CONVERSION = YES;
				CLANG_WARN_INFINITE_RECURSION = YES;
				CLANG_WARN_INT_CONVERSION = YES;
				CLANG_WARN_NON_LITERAL_NULL_CONVERSION = YES;
				CLANG_WARN_OBJC_IMPLICIT_RETAIN_SELF = YES;
				CLANG_WARN_OBJC_LITERAL_CONVERSION = YES;
				CLANG_WARN_OBJC_ROOT_CLASS = YES_ERROR;
				CLANG_WARN_RANGE_LOOP_ANALYSIS = YES;
				CLANG_WARN_STRICT_PROTOTYPES = YES;
				CLANG_WARN_SUSPICIOUS_MOVE = YES;
				CLANG_WARN_UNGUARDED_AVAILABILITY = YES_AGGRESSIVE;
				CLANG_WARN_UNREACHABLE_CODE = YES;
				CLANG_WARN__DUPLICATE_METHOD_MATCH = YES;
				COPY_PHASE_STRIP = NO;
				DEBUG_INFORMATION_FORMAT = dwarf;
				ENABLE_STRICT_OBJC_MSGSEND = YES;
				ENABLE_TESTABILITY = YES;
				GCC_C_LANGUAGE_STANDARD = gnu11;
				GCC_DYNAMIC_NO_PIC = NO;
				GCC_NO_COMMON_BLOCKS = YES;
				GCC_OPTIMIZATION_LEVEL = 0;
				GCC_PREPROCESSOR_DEFINITIONS = (
					"DEBUG=1",
					"$(inherited)",
				);
				GCC_WARN_64_TO_32_BIT_CONVERSION = YES;
				GCC_WARN_ABOUT_RETURN_TYPE = YES_ERROR;
				GCC_WARN_UNDECLARED_SELECTOR = YES;
				GCC_WARN_UNINITIALIZED_AUTOS = YES_AGGRESSIVE;
				GCC_WARN_UNUSED_FUNCTION = YES;
				GCC_WARN_UNUSED_VARIABLE = YES;
				IPHONEOS_DEPLOYMENT_TARGET = 13.5;
				MTL_ENABLE_DEBUG_INFO = INCLUDE_SOURCE;
				MTL_FAST_MATH = YES;
				ONLY_ACTIVE_ARCH = YES;
				SDKROOT = iphoneos;
				SWIFT_ACTIVE_COMPILATION_CONDITIONS = DEBUG;
				SWIFT_OPTIMIZATION_LEVEL = "-Onone";
			};
			name = Debug;
		};
		2329732024B9F6C3005E5EA7 /* Release */ = {
			isa = XCBuildConfiguration;
			buildSettings = {
				ALWAYS_SEARCH_USER_PATHS = NO;
				CLANG_ANALYZER_NONNULL = YES;
				CLANG_ANALYZER_NUMBER_OBJECT_CONVERSION = YES_AGGRESSIVE;
				CLANG_CXX_LANGUAGE_STANDARD = "gnu++14";
				CLANG_CXX_LIBRARY = "libc++";
				CLANG_ENABLE_MODULES = YES;
				CLANG_ENABLE_OBJC_ARC = YES;
				CLANG_ENABLE_OBJC_WEAK = YES;
				CLANG_WARN_BLOCK_CAPTURE_AUTORELEASING = YES;
				CLANG_WARN_BOOL_CONVERSION = YES;
				CLANG_WARN_COMMA = YES;
				CLANG_WARN_CONSTANT_CONVERSION = YES;
				CLANG_WARN_DEPRECATED_OBJC_IMPLEMENTATIONS = YES;
				CLANG_WARN_DIRECT_OBJC_ISA_USAGE = YES_ERROR;
				CLANG_WARN_DOCUMENTATION_COMMENTS = YES;
				CLANG_WARN_EMPTY_BODY = YES;
				CLANG_WARN_ENUM_CONVERSION = YES;
				CLANG_WARN_INFINITE_RECURSION = YES;
				CLANG_WARN_INT_CONVERSION = YES;
				CLANG_WARN_NON_LITERAL_NULL_CONVERSION = YES;
				CLANG_WARN_OBJC_IMPLICIT_RETAIN_SELF = YES;
				CLANG_WARN_OBJC_LITERAL_CONVERSION = YES;
				CLANG_WARN_OBJC_ROOT_CLASS = YES_ERROR;
				CLANG_WARN_RANGE_LOOP_ANALYSIS = YES;
				CLANG_WARN_STRICT_PROTOTYPES = YES;
				CLANG_WARN_SUSPICIOUS_MOVE = YES;
				CLANG_WARN_UNGUARDED_AVAILABILITY = YES_AGGRESSIVE;
				CLANG_WARN_UNREACHABLE_CODE = YES;
				CLANG_WARN__DUPLICATE_METHOD_MATCH = YES;
				COPY_PHASE_STRIP = NO;
				DEBUG_INFORMATION_FORMAT = "dwarf-with-dsym";
				ENABLE_NS_ASSERTIONS = NO;
				ENABLE_STRICT_OBJC_MSGSEND = YES;
				GCC_C_LANGUAGE_STANDARD = gnu11;
				GCC_NO_COMMON_BLOCKS = YES;
				GCC_WARN_64_TO_32_BIT_CONVERSION = YES;
				GCC_WARN_ABOUT_RETURN_TYPE = YES_ERROR;
				GCC_WARN_UNDECLARED_SELECTOR = YES;
				GCC_WARN_UNINITIALIZED_AUTOS = YES_AGGRESSIVE;
				GCC_WARN_UNUSED_FUNCTION = YES;
				GCC_WARN_UNUSED_VARIABLE = YES;
				IPHONEOS_DEPLOYMENT_TARGET = 13.5;
				MTL_ENABLE_DEBUG_INFO = NO;
				MTL_FAST_MATH = YES;
				SDKROOT = iphoneos;
				SWIFT_COMPILATION_MODE = wholemodule;
				SWIFT_OPTIMIZATION_LEVEL = "-O";
				VALIDATE_PRODUCT = YES;
			};
			name = Release;
		};
		2329732224B9F6C3005E5EA7 /* Debug */ = {
			isa = XCBuildConfiguration;
			baseConfigurationReference = 75BA36A469A72D0DC65869E7 /* Pods-instagram2.debug.xcconfig */;
			buildSettings = {
				ASSETCATALOG_COMPILER_APPICON_NAME = AppIcon;
				CODE_SIGN_STYLE = Automatic;
				DEVELOPMENT_TEAM = SA2Z77MRRD;
				INFOPLIST_FILE = instagram2/Info.plist;
				LD_RUNPATH_SEARCH_PATHS = (
					"$(inherited)",
					"@executable_path/Frameworks",
				);
				PRODUCT_BUNDLE_IDENTIFIER = com.keita.instagram2;
				PRODUCT_NAME = "$(TARGET_NAME)";
				SWIFT_VERSION = 5.0;
				TARGETED_DEVICE_FAMILY = 1;
			};
			name = Debug;
		};
		2329732324B9F6C3005E5EA7 /* Release */ = {
			isa = XCBuildConfiguration;
			baseConfigurationReference = F31C690A6DADB53372293F74 /* Pods-instagram2.release.xcconfig */;
			buildSettings = {
				ASSETCATALOG_COMPILER_APPICON_NAME = AppIcon;
				CODE_SIGN_STYLE = Automatic;
				DEVELOPMENT_TEAM = SA2Z77MRRD;
				INFOPLIST_FILE = instagram2/Info.plist;
				LD_RUNPATH_SEARCH_PATHS = (
					"$(inherited)",
					"@executable_path/Frameworks",
				);
				PRODUCT_BUNDLE_IDENTIFIER = com.keita.instagram2;
				PRODUCT_NAME = "$(TARGET_NAME)";
				SWIFT_VERSION = 5.0;
				TARGETED_DEVICE_FAMILY = 1;
			};
			name = Release;
		};
/* End XCBuildConfiguration section */

/* Begin XCConfigurationList section */
		2329730824B9F6C1005E5EA7 /* Build configuration list for PBXProject "instagram2" */ = {
			isa = XCConfigurationList;
			buildConfigurations = (
				2329731F24B9F6C3005E5EA7 /* Debug */,
				2329732024B9F6C3005E5EA7 /* Release */,
			);
			defaultConfigurationIsVisible = 0;
			defaultConfigurationName = Release;
		};
		2329732124B9F6C3005E5EA7 /* Build configuration list for PBXNativeTarget "instagram2" */ = {
			isa = XCConfigurationList;
			buildConfigurations = (
				2329732224B9F6C3005E5EA7 /* Debug */,
				2329732324B9F6C3005E5EA7 /* Release */,
			);
			defaultConfigurationIsVisible = 0;
			defaultConfigurationName = Release;
		};
/* End XCConfigurationList section */
	};
	rootObject = 2329730524B9F6C1005E5EA7 /* Project object */;
}
